
Microsoft Visual Studio Solution File, Format Version 12.00
# Visual Studio Version 17
VisualStudioVersion = 17.0.32014.148
MinimumVisualStudioVersion = 10.0.40219.1
Project("{FAE04EC0-301F-11D3-BF4B-00C04F79EFBC}") = "WindowsFormsApp1", "WindowsFormsApp1\WindowsFormsApp1.csproj", "{28C1D4B3-A95B-42ED-B902-7E37D671C99E}"
EndProject
Global
	GlobalSection(SolutionConfigurationPlatforms) = preSolution
		Debug|Any CPU = Debug|Any CPU
		Release|Any CPU = Release|Any CPU
	EndGlobalSection
	GlobalSection(ProjectConfigurationPlatforms) = postSolution
		{28C1D4B3-A95B-42ED-B902-7E37D671C99E}.Debug|Any CPU.ActiveCfg = Debug|Any CPU
		{28C1D4B3-A95B-42ED-B902-7E37D671C99E}.Debug|Any CPU.Build.0 = Debug|Any CPU
		{28C1D4B3-A95B-42ED-B902-7E37D671C99E}.Release|Any CPU.ActiveCfg = Release|Any CPU
		{28C1D4B3-A95B-42ED-B902-7E37D671C99E}.Release|Any CPU.Build.0 = Release|Any CPU
	EndGlobalSection
	GlobalSection(SolutionProperties) = preSolution
		HideSolutionNode = FALSE
	EndGlobalSection
	GlobalSection(ExtensibilityGlobals) = postSolution
		SolutionGuid = {CACAA519-B269-4D4B-AE8D-479DE5DE31F7}
	EndGlobalSection
EndGlobal
